{
  "name": "coc-clangd",
  "version": "0.30.1",
  "lockfileVersion": 3,
  "requires": true,
  "packages": {
    "": {
      "name": "coc-clangd",
      "version": "0.30.1",
      "license": "Apache-2.0 WITH LLVM-exception",
      "devDependencies": {
        "@biomejs/biome": "^1.4.1",
        "@clangd/install": "^0.1.17",
        "@types/node": "16",
        "coc.nvim": "^0.0.83-next.18",
        "esbuild": "^0.19.10",
        "fs-jetpack": "^5.1.0",
        "typescript": "^5.3.3"
      },
      "engines": {
        "coc": "^0.0.80"
      }
    },
    "node_modules/@biomejs/biome": {
      "version": "1.4.1",
      "resolved": "https://registry.npmjs.org/@biomejs/biome/-/biome-1.4.1.tgz",
      "integrity": "sha512-JccVAwPbhi37pdxbAGmaOBjUTKEwEjWAhl7rKkVVuXHo4MLASXJ5HR8BTgrImi4/7rTBsGz1tgVD1Kwv1CHGRg==",
      "dev": true,
      "hasInstallScript": true,
      "bin": {
        "biome": "bin/biome"
      },
      "engines": {
        "node": ">=14.*"
      },
      "funding": {
        "type": "opencollective",
        "url": "https://opencollective.com/biome"
      },
      "optionalDependencies": {
        "@biomejs/cli-darwin-arm64": "1.4.1",
        "@biomejs/cli-darwin-x64": "1.4.1",
        "@biomejs/cli-linux-arm64": "1.4.1",
        "@biomejs/cli-linux-x64": "1.4.1",
        "@biomejs/cli-win32-arm64": "1.4.1",
        "@biomejs/cli-win32-x64": "1.4.1"
      }
    },
    "node_modules/@biomejs/cli-darwin-arm64": {
      "version": "1.4.1",
      "resolved": "https://registry.npmjs.org/@biomejs/cli-darwin-arm64/-/cli-darwin-arm64-1.4.1.tgz",
      "integrity": "sha512-PZWy2Idndqux38p6AXSDQM2ldRAWi32bvb7bMbTN0ALzpWYMYnxd71ornatumSSJYoNhKmxzDLq+jct7nZJ79w==",
      "cpu": [
        "arm64"
      ],
      "dev": true,
      "optional": true,
      "os": [
        "darwin"
      ],
      "engines": {
        "node": ">=14.*"
      }
    },
    "node_modules/@biomejs/cli-darwin-x64": {
      "version": "1.4.1",
      "resolved": "https://registry.npmjs.org/@biomejs/cli-darwin-x64/-/cli-darwin-x64-1.4.1.tgz",
      "integrity": "sha512-soj3BWhnsM1M2JlzR09cibUzG1owJqetwj/Oo7yg0foijo9lNH9XWXZfJBYDKgW/6Fomn+CC2EcUS+hisQzt9g==",
      "cpu": [
        "x64"
      ],
      "dev": true,
      "optional": true,
      "os": [
        "darwin"
      ],
      "engines": {
        "node": ">=14.*"
      }
    },
    "node_modules/@biomejs/cli-linux-arm64": {
      "version": "1.4.1",
      "resolved": "https://registry.npmjs.org/@biomejs/cli-linux-arm64/-/cli-linux-arm64-1.4.1.tgz",
      "integrity": "sha512-YIZqfJUg4F+fPsBTXxgD7EU2E5OAYbmYSl/snf4PevwfQCWE/omOFZv+NnIQmjYj9I7ParDgcJvanoA3/kO0JQ==",
      "cpu": [
        "arm64"
      ],
      "dev": true,
      "optional": true,
      "os": [
        "linux"
      ],
      "engines": {
        "node": ">=14.*"
      }
    },
    "node_modules/@biomejs/cli-linux-x64": {
      "version": "1.4.1",
      "resolved": "https://registry.npmjs.org/@biomejs/cli-linux-x64/-/cli-linux-x64-1.4.1.tgz",
      "integrity": "sha512-9YOZw3qBd/KUj63A6Hn2zZgzGb2nbESM0qNmeMXgmqinVKM//uc4OgY5TuKITuGjMSvcVxxd4dX1IzYjV9qvNQ==",
      "cpu": [
        "x64"
      ],
      "dev": true,
      "optional": true,
      "os": [
        "linux"
      ],
      "engines": {
        "node": ">=14.*"
      }
    },
    "node_modules/@biomejs/cli-win32-arm64": {
      "version": "1.4.1",
      "resolved": "https://registry.npmjs.org/@biomejs/cli-win32-arm64/-/cli-win32-arm64-1.4.1.tgz",
      "integrity": "sha512-nWQbvkNKxYn/kCQ0yVF8kCaS3VzaGvtFSmItXiMknU4521LDjJ7tNWH12Gol+pIslrCbd4E1LhJa0a3ThRsBVg==",
      "cpu": [
        "arm64"
      ],
      "dev": true,
      "optional": true,
      "os": [
        "win32"
      ],
      "engines": {
        "node": ">=14.*"
      }
    },
    "node_modules/@biomejs/cli-win32-x64": {
      "version": "1.4.1",
      "resolved": "https://registry.npmjs.org/@biomejs/cli-win32-x64/-/cli-win32-x64-1.4.1.tgz",
      "integrity": "sha512-88fR2CQxQ4YLs2BUDuywWYQpUKgU3A3sTezANFc/4LGKQFFLV2yX+F7QAdZVkMHfA+RD9Xg178HomM/6mnTNPA==",
      "cpu": [
        "x64"
      ],
      "dev": true,
      "optional": true,
      "os": [
        "win32"
      ],
      "engines": {
        "node": ">=14.*"
      }
    },
    "node_modules/@clangd/install": {
      "version": "0.1.17",
      "resolved": "https://registry.npmjs.org/@clangd/install/-/install-0.1.17.tgz",
      "integrity": "sha512-wXH+5pao1/D4svPHJ7Hzp8BbAlLn/w/ZH9bAGtWoIqtJ5kCAoE3C8m/d6TzOdsbRSxQEEb7dplIFdbSwJHeAeg==",
      "dev": true,
      "dependencies": {
        "abort-controller": "^3.0.0",
        "adm-zip": "^0.5.10",
        "node-fetch": "^2.6.0",
        "readdirp": "^3.4.0",
        "rimraf": "^3.0.2",
        "semver": "^7.3.2",
        "which": "^2.0.2"
      }
    },
    "node_modules/@esbuild/aix-ppc64": {
      "version": "0.19.10",
      "resolved": "https://registry.npmjs.org/@esbuild/aix-ppc64/-/aix-ppc64-0.19.10.tgz",
      "integrity": "sha512-Q+mk96KJ+FZ30h9fsJl+67IjNJm3x2eX+GBWGmocAKgzp27cowCOOqSdscX80s0SpdFXZnIv/+1xD1EctFx96Q==",
      "cpu": [
        "ppc64"
      ],
      "dev": true,
      "optional": true,
      "os": [
        "aix"
      ],
      "engines": {
        "node": ">=12"
      }
    },
    "node_modules/@esbuild/android-arm": {
      "version": "0.19.10",
      "resolved": "https://registry.npmjs.org/@esbuild/android-arm/-/android-arm-0.19.10.tgz",
      "integrity": "sha512-7W0bK7qfkw1fc2viBfrtAEkDKHatYfHzr/jKAHNr9BvkYDXPcC6bodtm8AyLJNNuqClLNaeTLuwURt4PRT9d7w==",
      "cpu": [
        "arm"
      ],
      "dev": true,
      "optional": true,
      "os": [
        "android"
      ],
      "engines": {
        "node": ">=12"
      }
    },
    "node_modules/@esbuild/android-arm64": {
      "version": "0.19.10",
      "resolved": "https://registry.npmjs.org/@esbuild/android-arm64/-/android-arm64-0.19.10.tgz",
      "integrity": "sha512-1X4CClKhDgC3by7k8aOWZeBXQX8dHT5QAMCAQDArCLaYfkppoARvh0fit3X2Qs+MXDngKcHv6XXyQCpY0hkK1Q==",
      "cpu": [
        "arm64"
      ],
      "dev": true,
      "optional": true,
      "os": [
        "android"
      ],
      "engines": {
        "node": ">=12"
      }
    },
    "node_modules/@esbuild/android-x64": {
      "version": "0.19.10",
      "resolved": "https://registry.npmjs.org/@esbuild/android-x64/-/android-x64-0.19.10.tgz",
      "integrity": "sha512-O/nO/g+/7NlitUxETkUv/IvADKuZXyH4BHf/g/7laqKC4i/7whLpB0gvpPc2zpF0q9Q6FXS3TS75QHac9MvVWw==",
      "cpu": [
        "x64"
      ],
      "dev": true,
      "optional": true,
      "os": [
        "android"
      ],
      "engines": {
        "node": ">=12"
      }
    },
    "node_modules/@esbuild/darwin-arm64": {
      "version": "0.19.10",
      "resolved": "https://registry.npmjs.org/@esbuild/darwin-arm64/-/darwin-arm64-0.19.10.tgz",
      "integrity": "sha512-YSRRs2zOpwypck+6GL3wGXx2gNP7DXzetmo5pHXLrY/VIMsS59yKfjPizQ4lLt5vEI80M41gjm2BxrGZ5U+VMA==",
      "cpu": [
        "arm64"
      ],
      "dev": true,
      "optional": true,
      "os": [
        "darwin"
      ],
      "engines": {
        "node": ">=12"
      }
    },
    "node_modules/@esbuild/darwin-x64": {
      "version": "0.19.10",
      "resolved": "https://registry.npmjs.org/@esbuild/darwin-x64/-/darwin-x64-0.19.10.tgz",
      "integrity": "sha512-alfGtT+IEICKtNE54hbvPg13xGBe4GkVxyGWtzr+yHO7HIiRJppPDhOKq3zstTcVf8msXb/t4eavW3jCDpMSmA==",
      "cpu": [
        "x64"
      ],
      "dev": true,
      "optional": true,
      "os": [
        "darwin"
      ],
      "engines": {
        "node": ">=12"
      }
    },
    "node_modules/@esbuild/freebsd-arm64": {
      "version": "0.19.10",
      "resolved": "https://registry.npmjs.org/@esbuild/freebsd-arm64/-/freebsd-arm64-0.19.10.tgz",
      "integrity": "sha512-dMtk1wc7FSH8CCkE854GyGuNKCewlh+7heYP/sclpOG6Cectzk14qdUIY5CrKDbkA/OczXq9WesqnPl09mj5dg==",
      "cpu": [
        "arm64"
      ],
      "dev": true,
      "optional": true,
      "os": [
        "freebsd"
      ],
      "engines": {
        "node": ">=12"
      }
    },
    "node_modules/@esbuild/freebsd-x64": {
      "version": "0.19.10",
      "resolved": "https://registry.npmjs.org/@esbuild/freebsd-x64/-/freebsd-x64-0.19.10.tgz",
      "integrity": "sha512-G5UPPspryHu1T3uX8WiOEUa6q6OlQh6gNl4CO4Iw5PS+Kg5bVggVFehzXBJY6X6RSOMS8iXDv2330VzaObm4Ag==",
      "cpu": [
        "x64"
      ],
      "dev": true,
      "optional": true,
      "os": [
        "freebsd"
      ],
      "engines": {
        "node": ">=12"
      }
    },
    "node_modules/@esbuild/linux-arm": {
      "version": "0.19.10",
      "resolved": "https://registry.npmjs.org/@esbuild/linux-arm/-/linux-arm-0.19.10.tgz",
      "integrity": "sha512-j6gUW5aAaPgD416Hk9FHxn27On28H4eVI9rJ4az7oCGTFW48+LcgNDBN+9f8rKZz7EEowo889CPKyeaD0iw9Kg==",
      "cpu": [
        "arm"
      ],
      "dev": true,
      "optional": true,
      "os": [
        "linux"
      ],
      "engines": {
        "node": ">=12"
      }
    },
    "node_modules/@esbuild/linux-arm64": {
      "version": "0.19.10",
      "resolved": "https://registry.npmjs.org/@esbuild/linux-arm64/-/linux-arm64-0.19.10.tgz",
      "integrity": "sha512-QxaouHWZ+2KWEj7cGJmvTIHVALfhpGxo3WLmlYfJ+dA5fJB6lDEIg+oe/0//FuyVHuS3l79/wyBxbHr0NgtxJQ==",
      "cpu": [
        "arm64"
      ],
      "dev": true,
      "optional": true,
      "os": [
        "linux"
      ],
      "engines": {
        "node": ">=12"
      }
    },
    "node_modules/@esbuild/linux-ia32": {
      "version": "0.19.10",
      "resolved": "https://registry.npmjs.org/@esbuild/linux-ia32/-/linux-ia32-0.19.10.tgz",
      "integrity": "sha512-4ub1YwXxYjj9h1UIZs2hYbnTZBtenPw5NfXCRgEkGb0b6OJ2gpkMvDqRDYIDRjRdWSe/TBiZltm3Y3Q8SN1xNg==",
      "cpu": [
        "ia32"
      ],
      "dev": true,
      "optional": true,
      "os": [
        "linux"
      ],
      "engines": {
        "node": ">=12"
      }
    },
    "node_modules/@esbuild/linux-loong64": {
      "version": "0.19.10",
      "resolved": "https://registry.npmjs.org/@esbuild/linux-loong64/-/linux-loong64-0.19.10.tgz",
      "integrity": "sha512-lo3I9k+mbEKoxtoIbM0yC/MZ1i2wM0cIeOejlVdZ3D86LAcFXFRdeuZmh91QJvUTW51bOK5W2BznGNIl4+mDaA==",
      "cpu": [
        "loong64"
      ],
      "dev": true,
      "optional": true,
      "os": [
        "linux"
      ],
      "engines": {
        "node": ">=12"
      }
    },
    "node_modules/@esbuild/linux-mips64el": {
      "version": "0.19.10",
      "resolved": "https://registry.npmjs.org/@esbuild/linux-mips64el/-/linux-mips64el-0.19.10.tgz",
      "integrity": "sha512-J4gH3zhHNbdZN0Bcr1QUGVNkHTdpijgx5VMxeetSk6ntdt+vR1DqGmHxQYHRmNb77tP6GVvD+K0NyO4xjd7y4A==",
      "cpu": [
        "mips64el"
      ],
      "dev": true,
      "optional": true,
      "os": [
        "linux"
      ],
      "engines": {
        "node": ">=12"
      }
    },
    "node_modules/@esbuild/linux-ppc64": {
      "version": "0.19.10",
      "resolved": "https://registry.npmjs.org/@esbuild/linux-ppc64/-/linux-ppc64-0.19.10.tgz",
      "integrity": "sha512-tgT/7u+QhV6ge8wFMzaklOY7KqiyitgT1AUHMApau32ZlvTB/+efeCtMk4eXS+uEymYK249JsoiklZN64xt6oQ==",
      "cpu": [
        "ppc64"
      ],
      "dev": true,
      "optional": true,
      "os": [
        "linux"
      ],
      "engines": {
        "node": ">=12"
      }
    },
    "node_modules/@esbuild/linux-riscv64": {
      "version": "0.19.10",
      "resolved": "https://registry.npmjs.org/@esbuild/linux-riscv64/-/linux-riscv64-0.19.10.tgz",
      "integrity": "sha512-0f/spw0PfBMZBNqtKe5FLzBDGo0SKZKvMl5PHYQr3+eiSscfJ96XEknCe+JoOayybWUFQbcJTrk946i3j9uYZA==",
      "cpu": [
        "riscv64"
      ],
      "dev": true,
      "optional": true,
      "os": [
        "linux"
      ],
      "engines": {
        "node": ">=12"
      }
    },
    "node_modules/@esbuild/linux-s390x": {
      "version": "0.19.10",
      "resolved": "https://registry.npmjs.org/@esbuild/linux-s390x/-/linux-s390x-0.19.10.tgz",
      "integrity": "sha512-pZFe0OeskMHzHa9U38g+z8Yx5FNCLFtUnJtQMpwhS+r4S566aK2ci3t4NCP4tjt6d5j5uo4h7tExZMjeKoehAA==",
      "cpu": [
        "s390x"
      ],
      "dev": true,
      "optional": true,
      "os": [
        "linux"
      ],
      "engines": {
        "node": ">=12"
      }
    },
    "node_modules/@esbuild/linux-x64": {
      "version": "0.19.10",
      "resolved": "https://registry.npmjs.org/@esbuild/linux-x64/-/linux-x64-0.19.10.tgz",
      "integrity": "sha512-SpYNEqg/6pZYoc+1zLCjVOYvxfZVZj6w0KROZ3Fje/QrM3nfvT2llI+wmKSrWuX6wmZeTapbarvuNNK/qepSgA==",
      "cpu": [
        "x64"
      ],
      "dev": true,
      "optional": true,
      "os": [
        "linux"
      ],
      "engines": {
        "node": ">=12"
      }
    },
    "node_modules/@esbuild/netbsd-x64": {
      "version": "0.19.10",
      "resolved": "https://registry.npmjs.org/@esbuild/netbsd-x64/-/netbsd-x64-0.19.10.tgz",
      "integrity": "sha512-ACbZ0vXy9zksNArWlk2c38NdKg25+L9pr/mVaj9SUq6lHZu/35nx2xnQVRGLrC1KKQqJKRIB0q8GspiHI3J80Q==",
      "cpu": [
        "x64"
      ],
      "dev": true,
      "optional": true,
      "os": [
        "netbsd"
      ],
      "engines": {
        "node": ">=12"
      }
    },
    "node_modules/@esbuild/openbsd-x64": {
      "version": "0.19.10",
      "resolved": "https://registry.npmjs.org/@esbuild/openbsd-x64/-/openbsd-x64-0.19.10.tgz",
      "integrity": "sha512-PxcgvjdSjtgPMiPQrM3pwSaG4kGphP+bLSb+cihuP0LYdZv1epbAIecHVl5sD3npkfYBZ0ZnOjR878I7MdJDFg==",
      "cpu": [
        "x64"
      ],
      "dev": true,
      "optional": true,
      "os": [
        "openbsd"
      ],
      "engines": {
        "node": ">=12"
      }
    },
    "node_modules/@esbuild/sunos-x64": {
      "version": "0.19.10",
      "resolved": "https://registry.npmjs.org/@esbuild/sunos-x64/-/sunos-x64-0.19.10.tgz",
      "integrity": "sha512-ZkIOtrRL8SEJjr+VHjmW0znkPs+oJXhlJbNwfI37rvgeMtk3sxOQevXPXjmAPZPigVTncvFqLMd+uV0IBSEzqA==",
      "cpu": [
        "x64"
      ],
      "dev": true,
      "optional": true,
      "os": [
        "sunos"
      ],
      "engines": {
        "node": ">=12"
      }
    },
    "node_modules/@esbuild/win32-arm64": {
      "version": "0.19.10",
      "resolved": "https://registry.npmjs.org/@esbuild/win32-arm64/-/win32-arm64-0.19.10.tgz",
      "integrity": "sha512-+Sa4oTDbpBfGpl3Hn3XiUe4f8TU2JF7aX8cOfqFYMMjXp6ma6NJDztl5FDG8Ezx0OjwGikIHw+iA54YLDNNVfw==",
      "cpu": [
        "arm64"
      ],
      "dev": true,
      "optional": true,
      "os": [
        "win32"
      ],
      "engines": {
        "node": ">=12"
      }
    },
    "node_modules/@esbuild/win32-ia32": {
      "version": "0.19.10",
      "resolved": "https://registry.npmjs.org/@esbuild/win32-ia32/-/win32-ia32-0.19.10.tgz",
      "integrity": "sha512-EOGVLK1oWMBXgfttJdPHDTiivYSjX6jDNaATeNOaCOFEVcfMjtbx7WVQwPSE1eIfCp/CaSF2nSrDtzc4I9f8TQ==",
      "cpu": [
        "ia32"
      ],
      "dev": true,
      "optional": true,
      "os": [
        "win32"
      ],
      "engines": {
        "node": ">=12"
      }
    },
    "node_modules/@esbuild/win32-x64": {
      "version": "0.19.10",
      "resolved": "https://registry.npmjs.org/@esbuild/win32-x64/-/win32-x64-0.19.10.tgz",
      "integrity": "sha512-whqLG6Sc70AbU73fFYvuYzaE4MNMBIlR1Y/IrUeOXFrWHxBEjjbZaQ3IXIQS8wJdAzue2GwYZCjOrgrU1oUHoA==",
      "cpu": [
        "x64"
      ],
      "dev": true,
      "optional": true,
      "os": [
        "win32"
      ],
      "engines": {
        "node": ">=12"
      }
    },
    "node_modules/@types/node": {
      "version": "16.18.69",
      "resolved": "https://registry.npmjs.org/@types/node/-/node-16.18.69.tgz",
      "integrity": "sha512-AfDKv5fWd9XStaEuqFa6PYcM8FgTqxVMsP4BPk60emeB9YX+pp2P0zZ8nU1BQg8hyPGFrMt7MGMRMis8IrcPyg==",
      "dev": true
    },
    "node_modules/abort-controller": {
      "version": "3.0.0",
      "resolved": "https://registry.npmjs.org/abort-controller/-/abort-controller-3.0.0.tgz",
      "integrity": "sha512-h8lQ8tacZYnR3vNQTgibj+tODHI5/+l06Au2Pcriv/Gmet0eaj4TwWH41sO9wnHDiQsEj19q0drzdWdeAHtweg==",
      "dev": true,
      "license": "MIT",
      "dependencies": {
        "event-target-shim": "^5.0.0"
      },
      "engines": {
        "node": ">=6.5"
      }
    },
    "node_modules/adm-zip": {
      "version": "0.5.10",
      "resolved": "https://registry.npmjs.org/adm-zip/-/adm-zip-0.5.10.tgz",
      "integrity": "sha512-x0HvcHqVJNTPk/Bw8JbLWlWoo6Wwnsug0fnYYro1HBrjxZ3G7/AZk7Ahv8JwDe1uIcz8eBqvu86FuF1POiG7vQ==",
      "dev": true,
      "engines": {
        "node": ">=6.0"
      }
    },
    "node_modules/balanced-match": {
      "version": "1.0.2",
      "resolved": "https://registry.npmjs.org/balanced-match/-/balanced-match-1.0.2.tgz",
      "integrity": "sha512-3oSeUO0TMV67hN1AmbXsK4yaqU7tjiHlbxRDZOpH0KW9+CeX4bRAaX0Anxt0tx2MrpRpWwQaPwIlISEJhYU5Pw==",
      "dev": true,
      "license": "MIT"
    },
    "node_modules/brace-expansion": {
      "version": "1.1.11",
      "resolved": "https://registry.npmjs.org/brace-expansion/-/brace-expansion-1.1.11.tgz",
      "integrity": "sha512-iCuPHDFgrHX7H2vEI/5xpz07zSHB00TpugqhmYtVmMO6518mCuRMoOYFldEBl0g187ufozdaHgWKcYFb61qGiA==",
      "dev": true,
      "license": "MIT",
      "dependencies": {
        "balanced-match": "^1.0.0",
        "concat-map": "0.0.1"
      }
    },
    "node_modules/coc.nvim": {
      "version": "0.0.83-next.18",
      "resolved": "https://registry.npmjs.org/coc.nvim/-/coc.nvim-0.0.83-next.18.tgz",
      "integrity": "sha512-BZ1a+lnvQ/l7WzoRy97oYubDnYkX+vyAN2GhrKzWMc4d8YujOcOCjaeRv6Ogn7Bvoc5rM9X88CPuOoE0iP1ceQ==",
      "dev": true,
      "license": "MIT",
      "engines": {
        "node": ">=16.18.0"
      },
      "funding": {
        "type": "opencollective",
        "url": "https://opencollective.com/cocnvim"
      },
      "peerDependencies": {
        "@types/node": "^16.18.0"
      }
    },
    "node_modules/concat-map": {
      "version": "0.0.1",
      "resolved": "https://registry.npmjs.org/concat-map/-/concat-map-0.0.1.tgz",
      "integrity": "sha512-/Srv4dswyQNBfohGpz9o6Yb3Gz3SrUDqBH5rTuhGR7ahtlbYKnVxw2bCFMRljaA7EXHaXZ8wsHdodFvbkhKmqg==",
      "dev": true,
      "license": "MIT"
    },
    "node_modules/esbuild": {
      "version": "0.19.10",
      "resolved": "https://registry.npmjs.org/esbuild/-/esbuild-0.19.10.tgz",
      "integrity": "sha512-S1Y27QGt/snkNYrRcswgRFqZjaTG5a5xM3EQo97uNBnH505pdzSNe/HLBq1v0RO7iK/ngdbhJB6mDAp0OK+iUA==",
      "dev": true,
      "hasInstallScript": true,
      "bin": {
        "esbuild": "bin/esbuild"
      },
      "engines": {
        "node": ">=12"
      },
      "optionalDependencies": {
        "@esbuild/aix-ppc64": "0.19.10",
        "@esbuild/android-arm": "0.19.10",
        "@esbuild/android-arm64": "0.19.10",
        "@esbuild/android-x64": "0.19.10",
        "@esbuild/darwin-arm64": "0.19.10",
        "@esbuild/darwin-x64": "0.19.10",
        "@esbuild/freebsd-arm64": "0.19.10",
        "@esbuild/freebsd-x64": "0.19.10",
        "@esbuild/linux-arm": "0.19.10",
        "@esbuild/linux-arm64": "0.19.10",
        "@esbuild/linux-ia32": "0.19.10",
        "@esbuild/linux-loong64": "0.19.10",
        "@esbuild/linux-mips64el": "0.19.10",
        "@esbuild/linux-ppc64": "0.19.10",
        "@esbuild/linux-riscv64": "0.19.10",
        "@esbuild/linux-s390x": "0.19.10",
        "@esbuild/linux-x64": "0.19.10",
        "@esbuild/netbsd-x64": "0.19.10",
        "@esbuild/openbsd-x64": "0.19.10",
        "@esbuild/sunos-x64": "0.19.10",
        "@esbuild/win32-arm64": "0.19.10",
        "@esbuild/win32-ia32": "0.19.10",
        "@esbuild/win32-x64": "0.19.10"
      }
    },
    "node_modules/event-target-shim": {
      "version": "5.0.1",
      "resolved": "https://registry.npmjs.org/event-target-shim/-/event-target-shim-5.0.1.tgz",
      "integrity": "sha512-i/2XbnSz/uxRCU6+NdVJgKWDTM427+MqYbkQzD321DuCQJUqOuJKIA0IM2+W2xtYHdKOmZ4dR6fExsd4SXL+WQ==",
      "dev": true,
      "license": "MIT",
      "engines": {
        "node": ">=6"
      }
    },
    "node_modules/fs-jetpack": {
      "version": "5.1.0",
      "resolved": "https://registry.npmjs.org/fs-jetpack/-/fs-jetpack-5.1.0.tgz",
      "integrity": "sha512-Xn4fDhLydXkuzepZVsr02jakLlmoARPy+YWIclo4kh0GyNGUHnTqeH/w/qIsVn50dFxtp8otPL2t/HcPJBbxUA==",
      "dev": true,
      "license": "MIT",
      "dependencies": {
        "minimatch": "^5.1.0"
      }
    },
    "node_modules/fs-jetpack/node_modules/brace-expansion": {
      "version": "2.0.1",
      "resolved": "https://registry.npmjs.org/brace-expansion/-/brace-expansion-2.0.1.tgz",
      "integrity": "sha512-XnAIvQ8eM+kC6aULx6wuQiwVsnzsi9d3WxzV3FpWTGA19F621kwdbsAcFKXgKUHZWsy+mY6iL1sHTxWEFCytDA==",
      "dev": true,
      "license": "MIT",
      "dependencies": {
        "balanced-match": "^1.0.0"
      }
    },
    "node_modules/fs-jetpack/node_modules/minimatch": {
      "version": "5.1.0",
      "resolved": "https://registry.npmjs.org/minimatch/-/minimatch-5.1.0.tgz",
      "integrity": "sha512-9TPBGGak4nHfGZsPBohm9AWg6NoT7QTCehS3BIJABslyZbzxfV78QM2Y6+i741OPZIafFAaiiEMh5OyIrJPgtg==",
      "dev": true,
      "license": "ISC",
      "dependencies": {
        "brace-expansion": "^2.0.1"
      },
      "engines": {
        "node": ">=10"
      }
    },
    "node_modules/fs.realpath": {
      "version": "1.0.0",
      "resolved": "https://registry.npmjs.org/fs.realpath/-/fs.realpath-1.0.0.tgz",
      "integrity": "sha512-OO0pH2lK6a0hZnAdau5ItzHPI6pUlvI7jMVnxUQRtw4owF2wk8lOSabtGDCTP4Ggrg2MbGnWO9X8K1t4+fGMDw==",
      "dev": true,
      "license": "ISC"
    },
    "node_modules/glob": {
      "version": "7.2.3",
      "resolved": "https://registry.npmjs.org/glob/-/glob-7.2.3.tgz",
      "integrity": "sha512-nFR0zLpU2YCaRxwoCJvL6UvCH2JFyFVIvwTLsIf21AuHlMskA1hhTdk+LlYJtOlYt9v6dvszD2BGRqBL+iQK9Q==",
      "dev": true,
      "license": "ISC",
      "dependencies": {
        "fs.realpath": "^1.0.0",
        "inflight": "^1.0.4",
        "inherits": "2",
        "minimatch": "^3.1.1",
        "once": "^1.3.0",
        "path-is-absolute": "^1.0.0"
      },
      "engines": {
        "node": "*"
      },
      "funding": {
        "url": "https://github.com/sponsors/isaacs"
      }
    },
    "node_modules/inflight": {
      "version": "1.0.6",
      "resolved": "https://registry.npmjs.org/inflight/-/inflight-1.0.6.tgz",
      "integrity": "sha512-k92I/b08q4wvFscXCLvqfsHCrjrF7yiXsQuIVvVE7N82W3+aqpzuUdBbfhWcy/FZR3/4IgflMgKLOsvPDrGCJA==",
      "dev": true,
      "license": "ISC",
      "dependencies": {
        "once": "^1.3.0",
        "wrappy": "1"
      }
    },
    "node_modules/inherits": {
      "version": "2.0.4",
      "resolved": "https://registry.npmjs.org/inherits/-/inherits-2.0.4.tgz",
      "integrity": "sha512-k/vGaX4/Yla3WzyMCvTQOXYeIHvqOKtnqBduzTHpzpQZzAskKMhZ2K+EnBiSM9zGSoIFeMpXKxa4dYeZIQqewQ==",
      "dev": true,
      "license": "ISC"
    },
    "node_modules/isexe": {
      "version": "2.0.0",
      "resolved": "https://registry.npmjs.org/isexe/-/isexe-2.0.0.tgz",
      "integrity": "sha512-RHxMLp9lnKHGHRng9QFhRCMbYAcVpn69smSGcq3f36xjgVVWThj4qqLbTLlq7Ssj8B+fIQ1EuCEGI2lKsyQeIw==",
      "dev": true,
      "license": "ISC"
    },
    "node_modules/lru-cache": {
      "version": "6.0.0",
      "resolved": "https://registry.npmjs.org/lru-cache/-/lru-cache-6.0.0.tgz",
      "integrity": "sha512-Jo6dJ04CmSjuznwJSS3pUeWmd/H0ffTlkXXgwZi+eq1UCmqQwCh+eLsYOYCwY991i2Fah4h1BEMCx4qThGbsiA==",
      "dev": true,
      "license": "ISC",
      "dependencies": {
        "yallist": "^4.0.0"
      },
      "engines": {
        "node": ">=10"
      }
    },
    "node_modules/minimatch": {
      "version": "3.1.2",
      "resolved": "https://registry.npmjs.org/minimatch/-/minimatch-3.1.2.tgz",
      "integrity": "sha512-J7p63hRiAjw1NDEww1W7i37+ByIrOWO5XQQAzZ3VOcL0PNybwpfmV/N05zFAzwQ9USyEcX6t3UO+K5aqBQOIHw==",
      "dev": true,
      "license": "ISC",
      "dependencies": {
        "brace-expansion": "^1.1.7"
      },
      "engines": {
        "node": "*"
      }
    },
    "node_modules/node-fetch": {
      "version": "2.6.7",
      "resolved": "https://registry.npmjs.org/node-fetch/-/node-fetch-2.6.7.tgz",
      "integrity": "sha512-ZjMPFEfVx5j+y2yF35Kzx5sF7kDzxuDj6ziH4FFbOp87zKDZNx8yExJIb05OGF4Nlt9IHFIMBkRl41VdvcNdbQ==",
      "dev": true,
      "license": "MIT",
      "dependencies": {
        "whatwg-url": "^5.0.0"
      },
      "engines": {
        "node": "4.x || >=6.0.0"
      },
      "peerDependencies": {
        "encoding": "^0.1.0"
      },
      "peerDependenciesMeta": {
        "encoding": {
          "optional": true
        }
      }
    },
    "node_modules/once": {
      "version": "1.4.0",
      "resolved": "https://registry.npmjs.org/once/-/once-1.4.0.tgz",
      "integrity": "sha512-lNaJgI+2Q5URQBkccEKHTQOPaXdUxnZZElQTZY0MFUAuaEqe1E+Nyvgdz/aIyNi6Z9MzO5dv1H8n58/GELp3+w==",
      "dev": true,
      "license": "ISC",
      "dependencies": {
        "wrappy": "1"
      }
    },
    "node_modules/path-is-absolute": {
      "version": "1.0.1",
      "resolved": "https://registry.npmjs.org/path-is-absolute/-/path-is-absolute-1.0.1.tgz",
      "integrity": "sha512-AVbw3UJ2e9bq64vSaS9Am0fje1Pa8pbGqTTsmXfaIiMpnr5DlDhfJOuLj9Sf95ZPVDAUerDfEk88MPmPe7UCQg==",
      "dev": true,
      "license": "MIT",
      "engines": {
        "node": ">=0.10.0"
      }
    },
    "node_modules/picomatch": {
      "version": "2.3.1",
      "resolved": "https://registry.npmjs.org/picomatch/-/picomatch-2.3.1.tgz",
      "integrity": "sha512-JU3teHTNjmE2VCGFzuY8EXzCDVwEqB2a8fsIvwaStHhAWJEeVd1o1QD80CU6+ZdEXXSLbSsuLwJjkCBWqRQUVA==",
      "dev": true,
      "license": "MIT",
      "engines": {
        "node": ">=8.6"
      },
      "funding": {
        "url": "https://github.com/sponsors/jonschlinkert"
      }
    },
    "node_modules/readdirp": {
      "version": "3.6.0",
      "resolved": "https://registry.npmjs.org/readdirp/-/readdirp-3.6.0.tgz",
      "integrity": "sha512-hOS089on8RduqdbhvQ5Z37A0ESjsqz6qnRcffsMU3495FuTdqSm+7bhJ29JvIOsBDEEnan5DPu9t3To9VRlMzA==",
      "dev": true,
      "license": "MIT",
      "dependencies": {
        "picomatch": "^2.2.1"
      },
      "engines": {
        "node": ">=8.10.0"
      }
    },
    "node_modules/rimraf": {
      "version": "3.0.2",
      "resolved": "https://registry.npmjs.org/rimraf/-/rimraf-3.0.2.tgz",
      "integrity": "sha512-JZkJMZkAGFFPP2YqXZXPbMlMBgsxzE8ILs4lMIX/2o0L9UBw9O/Y3o6wFw/i9YLapcUJWwqbi3kdxIPdC62TIA==",
      "dev": true,
      "license": "ISC",
      "dependencies": {
        "glob": "^7.1.3"
      },
      "bin": {
        "rimraf": "bin.js"
      },
      "funding": {
        "url": "https://github.com/sponsors/isaacs"
      }
    },
    "node_modules/semver": {
      "version": "7.5.4",
      "resolved": "https://registry.npmjs.org/semver/-/semver-7.5.4.tgz",
      "integrity": "sha512-1bCSESV6Pv+i21Hvpxp3Dx+pSD8lIPt8uVjRrxAUt/nbswYc+tK6Y2btiULjd4+fnq15PX+nqQDC7Oft7WkwcA==",
      "dev": true,
      "license": "ISC",
      "dependencies": {
        "lru-cache": "^6.0.0"
      },
      "bin": {
        "semver": "bin/semver.js"
      },
      "engines": {
        "node": ">=10"
      }
    },
    "node_modules/tr46": {
      "version": "0.0.3",
      "resolved": "https://registry.npmjs.org/tr46/-/tr46-0.0.3.tgz",
      "integrity": "sha512-N3WMsuqV66lT30CrXNbEjx4GEwlow3v6rr4mCcv6prnfwhS01rkgyFdjPNBYd9br7LpXV1+Emh01fHnq2Gdgrw==",
      "dev": true,
      "license": "MIT"
    },
    "node_modules/typescript": {
      "version": "5.3.3",
      "resolved": "https://registry.npmjs.org/typescript/-/typescript-5.3.3.tgz",
      "integrity": "sha512-pXWcraxM0uxAS+tN0AG/BF2TyqmHO014Z070UsJ+pFvYuRSq8KH8DmWpnbXe0pEPDHXZV3FcAbJkijJ5oNEnWw==",
      "dev": true,
      "bin": {
        "tsc": "bin/tsc",
        "tsserver": "bin/tsserver"
      },
      "engines": {
        "node": ">=14.17"
      }
    },
    "node_modules/webidl-conversions": {
      "version": "3.0.1",
      "resolved": "https://registry.npmjs.org/webidl-conversions/-/webidl-conversions-3.0.1.tgz",
      "integrity": "sha512-2JAn3z8AR6rjK8Sm8orRC0h/bcl/DqL7tRPdGZ4I1CjdF+EaMLmYxBHyXuKL849eucPFhvBoxMsflfOb8kxaeQ==",
      "dev": true,
      "license": "BSD-2-Clause"
    },
    "node_modules/whatwg-url": {
      "version": "5.0.0",
      "resolved": "https://registry.npmjs.org/whatwg-url/-/whatwg-url-5.0.0.tgz",
      "integrity": "sha512-saE57nupxk6v3HY35+jzBwYa0rKSy0XR8JSxZPwgLr7ys0IBzhGviA1/TUGJLmSVqs8pb9AnvICXEuOHLprYTw==",
      "dev": true,
      "license": "MIT",
      "dependencies": {
        "tr46": "~0.0.3",
        "webidl-conversions": "^3.0.0"
      }
    },
    "node_modules/which": {
      "version": "2.0.2",
      "resolved": "https://registry.npmjs.org/which/-/which-2.0.2.tgz",
      "integrity": "sha512-BLI3Tl1TW3Pvl70l3yq3Y64i+awpwXqsGBYWkkqMtnbXgrMD+yj7rhW0kuEDxzJaYXGjEW5ogapKNMEKNMjibA==",
      "dev": true,
      "license": "ISC",
      "dependencies": {
        "isexe": "^2.0.0"
      },
      "bin": {
        "node-which": "bin/node-which"
      },
      "engines": {
        "node": ">= 8"
      }
    },
    "node_modules/wrappy": {
      "version": "1.0.2",
      "resolved": "https://registry.npmjs.org/wrappy/-/wrappy-1.0.2.tgz",
      "integrity": "sha512-l4Sp/DRseor9wL6EvV2+TuQn63dMkPjZ/sp9XkghTEbV9KlPS1xUsZ3u7/IQO4wxtcFB4bgpQPRcR3QCvezPcQ==",
      "dev": true,
      "license": "ISC"
    },
    "node_modules/yallist": {
      "version": "4.0.0",
      "resolved": "https://registry.npmjs.org/yallist/-/yallist-4.0.0.tgz",
      "integrity": "sha512-3wdGidZyq5PB084XLES5TpOSRA3wjXAlIWMhum2kRcv/41Sn2emQ0dycQW4uZXLejwKvg6EsvbdlVL+FYEct7A==",
      "dev": true,
      "license": "ISC"
    }
  }
}
